{
  "version": 4,
  "terraform_version": "0.12.12",
  "serial": 3,
  "lineage": "d9a2642d-ea5d-2c6e-16ef-8a4059389c96",
  "outputs": {},
  "resources": [
    {
      "mode": "managed",
      "type": "elbtoalb_elb",
      "name": "ms_elb",
      "provider": "provider.elbtoalb",
      "instances": [
        {
          "schema_version": 0,
          "attributes": {
            "access_logs": null,
            "arn": null,
            "availability_zones": [],
            "connection_draining": null,
            "connection_draining_timeout": null,
            "cross_zone_load_balancing": null,
            "dns_name": null,
            "health_check": null,
            "id": "elb-ms",
            "idle_timeout": null,
            "instances": null,
            "internal": true,
            "listener": [
              {
                "instance_port": 4000,
                "instance_protocol": "tcp",
                "lb_port": 4000,
                "lb_protocol": "tcp",
                "ssl_certificate_id": ""
              },
              {
                "instance_port": 4090,
                "instance_protocol": "tcp",
                "lb_port": 4090,
                "lb_protocol": "tcp",
                "ssl_certificate_id": ""
              },
              {
                "instance_port": 8080,
                "instance_protocol": "tcp",
                "lb_port": 443,
                "lb_protocol": "tcp",
                "ssl_certificate_id": ""
              },
              {
                "instance_port": 8080,
                "instance_protocol": "tcp",
                "lb_port": 8080,
                "lb_protocol": "tcp",
                "ssl_certificate_id": ""
              }
            ],
            "name": "elb-ms",
            "name_prefix": null,
            "security_groups": [],
            "source_security_group": null,
            "source_security_group_id": null,
            "subnets": [],
            "tags": null,
            "zone_id": null
          },
          "private": "bnVsbA=="
        }
      ]
    }
  ]
}
