{
  "version": 4,
  "terraform_version": "0.12.12",
  "serial": 1,
  "lineage": "ae934771-c380-fc5f-fef8-44bc0ea75b4d",
  "outputs": {},
  "resources": [
    {
      "mode": "managed",
      "type": "elbtoalb_elb",
      "name": "ms_elb",
      "provider": "provider.elbtoalb",
      "instances": [
        {
          "schema_version": 0,
          "attributes": {
            "access_logs": [
              {
                "bucket": "dwp-cloudservices-searchlight-log",
                "bucket_prefix": "elb-ms",
                "enabled": true,
                "interval": 5
              }
            ],
            "arn": null,
            "availability_zones": [],
            "connection_draining": true,
            "connection_draining_timeout": 400,
            "cross_zone_load_balancing": true,
            "dns_name": null,
            "health_check": [
              {
                "healthy_threshold": 2,
                "interval": 30,
                "target": "TCP:8080",
                "timeout": 3,
                "unhealthy_threshold": 2
              }
            ],
            "id": "elb-ms",
            "idle_timeout": 400,
            "instances": [],
            "internal": true,
            "listener": [
              {
                "instance_port": 4000,
                "instance_protocol": "tcp",
                "lb_port": 4000,
                "lb_protocol": "tcp",
                "ssl_certificate_id": ""
              },
              {
                "instance_port": 4090,
                "instance_protocol": "tcp",
                "lb_port": 4090,
                "lb_protocol": "tcp",
                "ssl_certificate_id": ""
              },
              {
                "instance_port": 8080,
                "instance_protocol": "tcp",
                "lb_port": 443,
                "lb_protocol": "tcp",
                "ssl_certificate_id": ""
              },
              {
                "instance_port": 8080,
                "instance_protocol": "tcp",
                "lb_port": 8080,
                "lb_protocol": "tcp",
                "ssl_certificate_id": ""
              }
            ],
            "name": "elb-ms",
            "name_prefix": null,
            "security_groups": [
              "aws_security_group.elb.id"
            ],
            "source_security_group": null,
            "source_security_group_id": null,
            "subnets": [
              "data.terraform_remote_state.vpcs.outputs.searchlight-subnet-1a",
              "data.terraform_remote_state.vpcs.outputs.searchlight-subnet-1b"
            ],
            "tags": {
              "Environment": "test",
              "Name": "MS elb"
            },
            "zone_id": null
          },
          "private": "bnVsbA=="
        }
      ]
    }
  ]
}
